
Microsoft Visual Studio Solution File, Format Version 12.00
# Visual Studio 15
VisualStudioVersion = 15.0.27428.2005
MinimumVisualStudioVersion = 10.0.40219.1
Project("{9A19103F-16F7-4668-BE54-9A1E7A4F7556}") = "PanGu", "src\PanGu\PanGu.csproj", "{24A2CA83-7DD6-42DF-B7FF-8D9C6D62B04A}"
EndProject
Project("{9A19103F-16F7-4668-BE54-9A1E7A4F7556}") = "PanGu.HighLight", "src\PanGu.HighLight\PanGu.HighLight.csproj", "{30C271CC-D747-477C-A886-4846F454D1B9}"
EndProject
Project("{2150E333-8FDC-42A3-9474-1A3956D46DE8}") = "src", "src", "{ED03B7C5-F4C2-408E-A437-39924FFBDA38}"
EndProject
Project("{2150E333-8FDC-42A3-9474-1A3956D46DE8}") = "tools", "tools", "{E5D4C40C-E81D-4F75-A115-D25850F8DA6B}"
EndProject
Project("{FAE04EC0-301F-11D3-BF4B-00C04F79EFBC}") = "DictManage", "tools\DictManage\DictManage.csproj", "{4C3CCA90-8F78-4511-894C-9B42E1B0011A}"
	ProjectSection(ProjectDependencies) = postProject
		{24A2CA83-7DD6-42DF-B7FF-8D9C6D62B04A} = {24A2CA83-7DD6-42DF-B7FF-8D9C6D62B04A}
	EndProjectSection
EndProject
Project("{FAE04EC0-301F-11D3-BF4B-00C04F79EFBC}") = "PosDisplayCtrl", "tools\PosDisplayCtrl\PosDisplayCtrl.csproj", "{888697C3-0F99-4D32-B07E-B33DBBFADE47}"
	ProjectSection(ProjectDependencies) = postProject
		{24A2CA83-7DD6-42DF-B7FF-8D9C6D62B04A} = {24A2CA83-7DD6-42DF-B7FF-8D9C6D62B04A}
	EndProjectSection
EndProject
Project("{2150E333-8FDC-42A3-9474-1A3956D46DE8}") = "examples", "examples", "{422C0302-62D7-4B58-9509-88CB76F8C717}"
EndProject
Project("{FAE04EC0-301F-11D3-BF4B-00C04F79EFBC}") = "Demo", "examples\Demo\Demo.csproj", "{6DDF1CA4-1BC7-44E7-9FE6-570E5CE173AF}"
	ProjectSection(ProjectDependencies) = postProject
		{24A2CA83-7DD6-42DF-B7FF-8D9C6D62B04A} = {24A2CA83-7DD6-42DF-B7FF-8D9C6D62B04A}
		{30C271CC-D747-477C-A886-4846F454D1B9} = {30C271CC-D747-477C-A886-4846F454D1B9}
	EndProjectSection
EndProject
Project("{FAE04EC0-301F-11D3-BF4B-00C04F79EFBC}") = "PanGu.Lucene.Analyzer", "src\PanGu.Lucene.Analyzer\PanGu.Lucene.Analyzer.csproj", "{D66DEC39-FA29-4773-BCCC-8C13174ED33E}"
EndProject
Project("{FAE04EC0-301F-11D3-BF4B-00C04F79EFBC}") = "LucenePanGuDemo", "examples\LucenePanGuDemo\LucenePanGuDemo.csproj", "{C076D763-476B-48D5-957D-141587AAEA49}"
	ProjectSection(ProjectDependencies) = postProject
		{D66DEC39-FA29-4773-BCCC-8C13174ED33E} = {D66DEC39-FA29-4773-BCCC-8C13174ED33E}
		{24A2CA83-7DD6-42DF-B7FF-8D9C6D62B04A} = {24A2CA83-7DD6-42DF-B7FF-8D9C6D62B04A}
		{30C271CC-D747-477C-A886-4846F454D1B9} = {30C271CC-D747-477C-A886-4846F454D1B9}
	EndProjectSection
EndProject
Global
	GlobalSection(SolutionConfigurationPlatforms) = preSolution
		Debug|Any CPU = Debug|Any CPU
		Release|Any CPU = Release|Any CPU
	EndGlobalSection
	GlobalSection(ProjectConfigurationPlatforms) = postSolution
		{24A2CA83-7DD6-42DF-B7FF-8D9C6D62B04A}.Debug|Any CPU.ActiveCfg = Debug|Any CPU
		{24A2CA83-7DD6-42DF-B7FF-8D9C6D62B04A}.Debug|Any CPU.Build.0 = Debug|Any CPU
		{24A2CA83-7DD6-42DF-B7FF-8D9C6D62B04A}.Release|Any CPU.ActiveCfg = Release|Any CPU
		{24A2CA83-7DD6-42DF-B7FF-8D9C6D62B04A}.Release|Any CPU.Build.0 = Release|Any CPU
		{30C271CC-D747-477C-A886-4846F454D1B9}.Debug|Any CPU.ActiveCfg = Debug|Any CPU
		{30C271CC-D747-477C-A886-4846F454D1B9}.Debug|Any CPU.Build.0 = Debug|Any CPU
		{30C271CC-D747-477C-A886-4846F454D1B9}.Release|Any CPU.ActiveCfg = Release|Any CPU
		{30C271CC-D747-477C-A886-4846F454D1B9}.Release|Any CPU.Build.0 = Release|Any CPU
		{4C3CCA90-8F78-4511-894C-9B42E1B0011A}.Debug|Any CPU.ActiveCfg = Debug|Any CPU
		{4C3CCA90-8F78-4511-894C-9B42E1B0011A}.Debug|Any CPU.Build.0 = Debug|Any CPU
		{4C3CCA90-8F78-4511-894C-9B42E1B0011A}.Release|Any CPU.ActiveCfg = Release|Any CPU
		{4C3CCA90-8F78-4511-894C-9B42E1B0011A}.Release|Any CPU.Build.0 = Release|Any CPU
		{888697C3-0F99-4D32-B07E-B33DBBFADE47}.Debug|Any CPU.ActiveCfg = Debug|Any CPU
		{888697C3-0F99-4D32-B07E-B33DBBFADE47}.Debug|Any CPU.Build.0 = Debug|Any CPU
		{888697C3-0F99-4D32-B07E-B33DBBFADE47}.Release|Any CPU.ActiveCfg = Release|Any CPU
		{888697C3-0F99-4D32-B07E-B33DBBFADE47}.Release|Any CPU.Build.0 = Release|Any CPU
		{6DDF1CA4-1BC7-44E7-9FE6-570E5CE173AF}.Debug|Any CPU.ActiveCfg = Debug|Any CPU
		{6DDF1CA4-1BC7-44E7-9FE6-570E5CE173AF}.Debug|Any CPU.Build.0 = Debug|Any CPU
		{6DDF1CA4-1BC7-44E7-9FE6-570E5CE173AF}.Release|Any CPU.ActiveCfg = Release|Any CPU
		{6DDF1CA4-1BC7-44E7-9FE6-570E5CE173AF}.Release|Any CPU.Build.0 = Release|Any CPU
		{D66DEC39-FA29-4773-BCCC-8C13174ED33E}.Debug|Any CPU.ActiveCfg = Debug|Any CPU
		{D66DEC39-FA29-4773-BCCC-8C13174ED33E}.Debug|Any CPU.Build.0 = Debug|Any CPU
		{D66DEC39-FA29-4773-BCCC-8C13174ED33E}.Release|Any CPU.ActiveCfg = Release|Any CPU
		{D66DEC39-FA29-4773-BCCC-8C13174ED33E}.Release|Any CPU.Build.0 = Release|Any CPU
		{C076D763-476B-48D5-957D-141587AAEA49}.Debug|Any CPU.ActiveCfg = Debug|Any CPU
		{C076D763-476B-48D5-957D-141587AAEA49}.Debug|Any CPU.Build.0 = Debug|Any CPU
		{C076D763-476B-48D5-957D-141587AAEA49}.Release|Any CPU.ActiveCfg = Release|Any CPU
		{C076D763-476B-48D5-957D-141587AAEA49}.Release|Any CPU.Build.0 = Release|Any CPU
	EndGlobalSection
	GlobalSection(SolutionProperties) = preSolution
		HideSolutionNode = FALSE
	EndGlobalSection
	GlobalSection(NestedProjects) = preSolution
		{24A2CA83-7DD6-42DF-B7FF-8D9C6D62B04A} = {ED03B7C5-F4C2-408E-A437-39924FFBDA38}
		{30C271CC-D747-477C-A886-4846F454D1B9} = {ED03B7C5-F4C2-408E-A437-39924FFBDA38}
		{4C3CCA90-8F78-4511-894C-9B42E1B0011A} = {E5D4C40C-E81D-4F75-A115-D25850F8DA6B}
		{888697C3-0F99-4D32-B07E-B33DBBFADE47} = {E5D4C40C-E81D-4F75-A115-D25850F8DA6B}
		{6DDF1CA4-1BC7-44E7-9FE6-570E5CE173AF} = {422C0302-62D7-4B58-9509-88CB76F8C717}
		{D66DEC39-FA29-4773-BCCC-8C13174ED33E} = {ED03B7C5-F4C2-408E-A437-39924FFBDA38}
		{C076D763-476B-48D5-957D-141587AAEA49} = {422C0302-62D7-4B58-9509-88CB76F8C717}
	EndGlobalSection
	GlobalSection(ExtensibilityGlobals) = postSolution
		SolutionGuid = {E018F824-AFA3-4EC7-88A3-AB9CA03EA42B}
	EndGlobalSection
EndGlobal
